version = 1
revision = 2
requires-python = ">=3.13.5, <3.14"

[[package]]
name = "aioconsole"
version = "0.5.1"
source = { registry = "https://pypi.org/simple" }
sdist = { url = "https://files.pythonhosted.org/packages/71/74/cd64dbc518f71486b235f0e1538ea4b7cbf4375a8bdc6f96c9c9595291ab/aioconsole-0.5.1.tar.gz", hash = "sha256:c8ddd9fd21db71ea51fb9b0d20d21d11c409c92988edf07c935d705fa60e026b", size = 28396, upload-time = "2022-08-30T13:18:37.239Z" }
wheels = [
    { url = "https://files.pythonhosted.org/packages/4a/88/4d00e98d144c7c1517d9fa069501369d6204841ccd6f7478d5a692f309d4/aioconsole-0.5.1-py3-none-any.whl", hash = "sha256:a0288be63d47ec5fd153f284477a1c9327c8f8e6b193d7cf0b2a8d1576a31589", size = 30077, upload-time = "2022-08-30T13:18:35.893Z" },
]

[[package]]
name = "aioprometheus"
version = "22.5.0"
source = { registry = "https://pypi.org/simple" }
dependencies = [
    { name = "orjson" },
    { name = "quantile-python" },
]
wheels = [
    { url = "https://files.pythonhosted.org/packages/3c/f6/e492d3080fa60a8ea3fe7d10799fa0c869e890253bd2268ee2206c84fe68/aioprometheus-22.5.0-py3-none-any.whl", hash = "sha256:d68abc40b0650ac2e70a7f9392b6196ee73dbe26533d40ecd85321b02fd81930", size = 31625, upload-time = "2022-05-24T03:37:00.603Z" },
]

[[package]]
name = "anyio"
version = "4.9.0"
source = { registry = "https://pypi.org/simple" }
dependencies = [
    { name = "idna" },
    { name = "sniffio" },
]
sdist = { url = "https://files.pythonhosted.org/packages/95/7d/4c1bd541d4dffa1b52bd83fb8527089e097a106fc90b467a7313b105f840/anyio-4.9.0.tar.gz", hash = "sha256:673c0c244e15788651a4ff38710fea9675823028a6f08a5eda409e0c9840a028", size = 190949, upload-time = "2025-03-17T00:02:54.77Z" }
wheels = [
    { url = "https://files.pythonhosted.org/packages/a1/ee/48ca1a7c89ffec8b6a0c5d02b89c305671d5ffd8d3c94acf8b8c408575bb/anyio-4.9.0-py3-none-any.whl", hash = "sha256:9f76d541cad6e36af7beb62e978876f3b41e3e04f2c1fbf0884604c0a9c4d93c", size = 100916, upload-time = "2025-03-17T00:02:52.713Z" },
]

[[package]]
name = "authlib"
version = "1.6.0"
source = { registry = "https://pypi.org/simple" }
dependencies = [
    { name = "cryptography" },
]
sdist = { url = "https://files.pythonhosted.org/packages/a2/9d/b1e08d36899c12c8b894a44a5583ee157789f26fc4b176f8e4b6217b56e1/authlib-1.6.0.tar.gz", hash = "sha256:4367d32031b7af175ad3a323d571dc7257b7099d55978087ceae4a0d88cd3210", size = 158371, upload-time = "2025-05-23T00:21:45.011Z" }
wheels = [
    { url = "https://files.pythonhosted.org/packages/84/29/587c189bbab1ccc8c86a03a5d0e13873df916380ef1be461ebe6acebf48d/authlib-1.6.0-py2.py3-none-any.whl", hash = "sha256:91685589498f79e8655e8a8947431ad6288831d643f11c55c2143ffcc738048d", size = 239981, upload-time = "2025-05-23T00:21:43.075Z" },
]

[[package]]
name = "black"
version = "22.12.0"
source = { registry = "https://pypi.org/simple" }
dependencies = [
    { name = "click" },
    { name = "mypy-extensions" },
    { name = "pathspec" },
    { name = "platformdirs" },
]
sdist = { url = "https://files.pythonhosted.org/packages/a6/59/e873cc6807fb62c11131e5258ca15577a3b7452abad08dc49286cf8245e8/black-22.12.0.tar.gz", hash = "sha256:229351e5a18ca30f447bf724d007f890f97e13af070bb6ad4c0a441cd7596a2f", size = 553112, upload-time = "2022-12-09T15:57:04.428Z" }
wheels = [
    { url = "https://files.pythonhosted.org/packages/0c/51/1f7f93c0555eaf4cbb628e26ba026e3256174a45bd9397ff1ea7cf96bad5/black-22.12.0-py3-none-any.whl", hash = "sha256:436cc9167dd28040ad90d3b404aec22cedf24a6e4d7de221bec2730ec0c97bcf", size = 167343, upload-time = "2022-12-09T15:57:02.229Z" },
]

[[package]]
name = "certifi"
version = "2025.7.9"
source = { registry = "https://pypi.org/simple" }
sdist = { url = "https://files.pythonhosted.org/packages/de/8a/c729b6b60c66a38f590c4e774decc4b2ec7b0576be8f1aa984a53ffa812a/certifi-2025.7.9.tar.gz", hash = "sha256:c1d2ec05395148ee10cf672ffc28cd37ea0ab0d99f9cc74c43e588cbd111b079", size = 160386, upload-time = "2025-07-09T02:13:58.874Z" }
wheels = [
    { url = "https://files.pythonhosted.org/packages/66/f3/80a3f974c8b535d394ff960a11ac20368e06b736da395b551a49ce950cce/certifi-2025.7.9-py3-none-any.whl", hash = "sha256:d842783a14f8fdd646895ac26f719a061408834473cfc10203f6a575beb15d39", size = 159230, upload-time = "2025-07-09T02:13:57.007Z" },
]

[[package]]
name = "cffi"
version = "1.17.1"
source = { registry = "https://pypi.org/simple" }
dependencies = [
    { name = "pycparser" },
]
sdist = { url = "https://files.pythonhosted.org/packages/fc/97/c783634659c2920c3fc70419e3af40972dbaf758daa229a7d6ea6135c90d/cffi-1.17.1.tar.gz", hash = "sha256:1c39c6016c32bc48dd54561950ebd6836e1670f2ae46128f67cf49e789c52824", size = 516621, upload-time = "2024-09-04T20:45:21.852Z" }
wheels = [
    { url = "https://files.pythonhosted.org/packages/8d/f8/dd6c246b148639254dad4d6803eb6a54e8c85c6e11ec9df2cffa87571dbe/cffi-1.17.1-cp313-cp313-macosx_10_13_x86_64.whl", hash = "sha256:f3a2b4222ce6b60e2e8b337bb9596923045681d71e5a082783484d845390938e", size = 182989, upload-time = "2024-09-04T20:44:28.956Z" },
    { url = "https://files.pythonhosted.org/packages/8b/f1/672d303ddf17c24fc83afd712316fda78dc6fce1cd53011b839483e1ecc8/cffi-1.17.1-cp313-cp313-macosx_11_0_arm64.whl", hash = "sha256:0984a4925a435b1da406122d4d7968dd861c1385afe3b45ba82b750f229811e2", size = 178802, upload-time = "2024-09-04T20:44:30.289Z" },
    { url = "https://files.pythonhosted.org/packages/0e/2d/eab2e858a91fdff70533cab61dcff4a1f55ec60425832ddfdc9cd36bc8af/cffi-1.17.1-cp313-cp313-manylinux_2_12_i686.manylinux2010_i686.manylinux_2_17_i686.manylinux2014_i686.whl", hash = "sha256:d01b12eeeb4427d3110de311e1774046ad344f5b1a7403101878976ecd7a10f3", size = 454792, upload-time = "2024-09-04T20:44:32.01Z" },
    { url = "https://files.pythonhosted.org/packages/75/b2/fbaec7c4455c604e29388d55599b99ebcc250a60050610fadde58932b7ee/cffi-1.17.1-cp313-cp313-manylinux_2_17_aarch64.manylinux2014_aarch64.whl", hash = "sha256:706510fe141c86a69c8ddc029c7910003a17353970cff3b904ff0686a5927683", size = 478893, upload-time = "2024-09-04T20:44:33.606Z" },
    { url = "https://files.pythonhosted.org/packages/4f/b7/6e4a2162178bf1935c336d4da8a9352cccab4d3a5d7914065490f08c0690/cffi-1.17.1-cp313-cp313-manylinux_2_17_ppc64le.manylinux2014_ppc64le.whl", hash = "sha256:de55b766c7aa2e2a3092c51e0483d700341182f08e67c63630d5b6f200bb28e5", size = 485810, upload-time = "2024-09-04T20:44:35.191Z" },
    { url = "https://files.pythonhosted.org/packages/c7/8a/1d0e4a9c26e54746dc08c2c6c037889124d4f59dffd853a659fa545f1b40/cffi-1.17.1-cp313-cp313-manylinux_2_17_s390x.manylinux2014_s390x.whl", hash = "sha256:c59d6e989d07460165cc5ad3c61f9fd8f1b4796eacbd81cee78957842b834af4", size = 471200, upload-time = "2024-09-04T20:44:36.743Z" },
    { url = "https://files.pythonhosted.org/packages/26/9f/1aab65a6c0db35f43c4d1b4f580e8df53914310afc10ae0397d29d697af4/cffi-1.17.1-cp313-cp313-manylinux_2_17_x86_64.manylinux2014_x86_64.whl", hash = "sha256:dd398dbc6773384a17fe0d3e7eeb8d1a21c2200473ee6806bb5e6a8e62bb73dd", size = 479447, upload-time = "2024-09-04T20:44:38.492Z" },
    { url = "https://files.pythonhosted.org/packages/5f/e4/fb8b3dd8dc0e98edf1135ff067ae070bb32ef9d509d6cb0f538cd6f7483f/cffi-1.17.1-cp313-cp313-musllinux_1_1_aarch64.whl", hash = "sha256:3edc8d958eb099c634dace3c7e16560ae474aa3803a5df240542b305d14e14ed", size = 484358, upload-time = "2024-09-04T20:44:40.046Z" },
    { url = "https://files.pythonhosted.org/packages/f1/47/d7145bf2dc04684935d57d67dff9d6d795b2ba2796806bb109864be3a151/cffi-1.17.1-cp313-cp313-musllinux_1_1_x86_64.whl", hash = "sha256:72e72408cad3d5419375fc87d289076ee319835bdfa2caad331e377589aebba9", size = 488469, upload-time = "2024-09-04T20:44:41.616Z" },
    { url = "https://files.pythonhosted.org/packages/bf/ee/f94057fa6426481d663b88637a9a10e859e492c73d0384514a17d78ee205/cffi-1.17.1-cp313-cp313-win32.whl", hash = "sha256:e03eab0a8677fa80d646b5ddece1cbeaf556c313dcfac435ba11f107ba117b5d", size = 172475, upload-time = "2024-09-04T20:44:43.733Z" },
    { url = "https://files.pythonhosted.org/packages/7c/fc/6a8cb64e5f0324877d503c854da15d76c1e50eb722e320b15345c4d0c6de/cffi-1.17.1-cp313-cp313-win_amd64.whl", hash = "sha256:f6a16c31041f09ead72d69f583767292f750d24913dadacf5756b966aacb3f1a", size = 182009, upload-time = "2024-09-04T20:44:45.309Z" },
]

[[package]]
name = "click"
version = "8.2.1"
source = { registry = "https://pypi.org/simple" }
dependencies = [
    { name = "colorama", marker = "sys_platform == 'win32'" },
]
sdist = { url = "https://files.pythonhosted.org/packages/60/6c/8ca2efa64cf75a977a0d7fac081354553ebe483345c734fb6b6515d96bbc/click-8.2.1.tar.gz", hash = "sha256:27c491cc05d968d271d5a1db13e3b5a184636d9d930f148c50b038f0d0646202", size = 286342, upload-time = "2025-05-20T23:19:49.832Z" }
wheels = [
    { url = "https://files.pythonhosted.org/packages/85/32/10bb5764d90a8eee674e9dc6f4db6a0ab47c8c4d0d83c27f7c39ac415a4d/click-8.2.1-py3-none-any.whl", hash = "sha256:61a3265b914e850b85317d0b3109c7f8cd35a670f963866005d6ef1d5175a12b", size = 102215, upload-time = "2025-05-20T23:19:47.796Z" },
]

[[package]]
name = "colorama"
version = "0.4.6"
source = { registry = "https://pypi.org/simple" }
sdist = { url = "https://files.pythonhosted.org/packages/d8/53/6f443c9a4a8358a93a6792e2acffb9d9d5cb0a5cfd8802644b7b1c9a02e4/colorama-0.4.6.tar.gz", hash = "sha256:08695f5cb7ed6e0531a20572697297273c47b8cae5a63ffc6d6ed5c201be6e44", size = 27697, upload-time = "2022-10-25T02:36:22.414Z" }
wheels = [
    { url = "https://files.pythonhosted.org/packages/d1/d6/3965ed04c63042e047cb6a3e6ed1a63a35087b6a609aa3a15ed8ac56c221/colorama-0.4.6-py2.py3-none-any.whl", hash = "sha256:4f1d9991f5acc0ca119f9d443620b77f9d6b33703e51011c16baf57afb285fc6", size = 25335, upload-time = "2022-10-25T02:36:20.889Z" },
]

[[package]]
name = "cryptography"
version = "45.0.5"
source = { registry = "https://pypi.org/simple" }
dependencies = [
    { name = "cffi", marker = "platform_python_implementation != 'PyPy'" },
]
sdist = { url = "https://files.pythonhosted.org/packages/95/1e/49527ac611af559665f71cbb8f92b332b5ec9c6fbc4e88b0f8e92f5e85df/cryptography-45.0.5.tar.gz", hash = "sha256:72e76caa004ab63accdf26023fccd1d087f6d90ec6048ff33ad0445abf7f605a", size = 744903, upload-time = "2025-07-02T13:06:25.941Z" }
wheels = [
    { url = "https://files.pythonhosted.org/packages/f0/fb/09e28bc0c46d2c547085e60897fea96310574c70fb21cd58a730a45f3403/cryptography-45.0.5-cp311-abi3-macosx_10_9_universal2.whl", hash = "sha256:101ee65078f6dd3e5a028d4f19c07ffa4dd22cce6a20eaa160f8b5219911e7d8", size = 7043092, upload-time = "2025-07-02T13:05:01.514Z" },
    { url = "https://files.pythonhosted.org/packages/b1/05/2194432935e29b91fb649f6149c1a4f9e6d3d9fc880919f4ad1bcc22641e/cryptography-45.0.5-cp311-abi3-manylinux2014_aarch64.manylinux_2_17_aarch64.whl", hash = "sha256:3a264aae5f7fbb089dbc01e0242d3b67dffe3e6292e1f5182122bdf58e65215d", size = 4205926, upload-time = "2025-07-02T13:05:04.741Z" },
    { url = "https://files.pythonhosted.org/packages/07/8b/9ef5da82350175e32de245646b1884fc01124f53eb31164c77f95a08d682/cryptography-45.0.5-cp311-abi3-manylinux2014_x86_64.manylinux_2_17_x86_64.whl", hash = "sha256:e74d30ec9c7cb2f404af331d5b4099a9b322a8a6b25c4632755c8757345baac5", size = 4429235, upload-time = "2025-07-02T13:05:07.084Z" },
    { url = "https://files.pythonhosted.org/packages/7c/e1/c809f398adde1994ee53438912192d92a1d0fc0f2d7582659d9ef4c28b0c/cryptography-45.0.5-cp311-abi3-manylinux_2_28_aarch64.whl", hash = "sha256:3af26738f2db354aafe492fb3869e955b12b2ef2e16908c8b9cb928128d42c57", size = 4209785, upload-time = "2025-07-02T13:05:09.321Z" },
    { url = "https://files.pythonhosted.org/packages/d0/8b/07eb6bd5acff58406c5e806eff34a124936f41a4fb52909ffa4d00815f8c/cryptography-45.0.5-cp311-abi3-manylinux_2_28_armv7l.manylinux_2_31_armv7l.whl", hash = "sha256:e6c00130ed423201c5bc5544c23359141660b07999ad82e34e7bb8f882bb78e0", size = 3893050, upload-time = "2025-07-02T13:05:11.069Z" },
    { url = "https://files.pythonhosted.org/packages/ec/ef/3333295ed58d900a13c92806b67e62f27876845a9a908c939f040887cca9/cryptography-45.0.5-cp311-abi3-manylinux_2_28_x86_64.whl", hash = "sha256:dd420e577921c8c2d31289536c386aaa30140b473835e97f83bc71ea9d2baf2d", size = 4457379, upload-time = "2025-07-02T13:05:13.32Z" },
    { url = "https://files.pythonhosted.org/packages/d9/9d/44080674dee514dbb82b21d6fa5d1055368f208304e2ab1828d85c9de8f4/cryptography-45.0.5-cp311-abi3-manylinux_2_34_aarch64.whl", hash = "sha256:d05a38884db2ba215218745f0781775806bde4f32e07b135348355fe8e4991d9", size = 4209355, upload-time = "2025-07-02T13:05:15.017Z" },
    { url = "https://files.pythonhosted.org/packages/c9/d8/0749f7d39f53f8258e5c18a93131919ac465ee1f9dccaf1b3f420235e0b5/cryptography-45.0.5-cp311-abi3-manylinux_2_34_x86_64.whl", hash = "sha256:ad0caded895a00261a5b4aa9af828baede54638754b51955a0ac75576b831b27", size = 4456087, upload-time = "2025-07-02T13:05:16.945Z" },
    { url = "https://files.pythonhosted.org/packages/09/d7/92acac187387bf08902b0bf0699816f08553927bdd6ba3654da0010289b4/cryptography-45.0.5-cp311-abi3-musllinux_1_2_aarch64.whl", hash = "sha256:9024beb59aca9d31d36fcdc1604dd9bbeed0a55bface9f1908df19178e2f116e", size = 4332873, upload-time = "2025-07-02T13:05:18.743Z" },
    { url = "https://files.pythonhosted.org/packages/03/c2/840e0710da5106a7c3d4153c7215b2736151bba60bf4491bdb421df5056d/cryptography-45.0.5-cp311-abi3-musllinux_1_2_x86_64.whl", hash = "sha256:91098f02ca81579c85f66df8a588c78f331ca19089763d733e34ad359f474174", size = 4564651, upload-time = "2025-07-02T13:05:21.382Z" },
    { url = "https://files.pythonhosted.org/packages/2e/92/cc723dd6d71e9747a887b94eb3827825c6c24b9e6ce2bb33b847d31d5eaa/cryptography-45.0.5-cp311-abi3-win32.whl", hash = "sha256:926c3ea71a6043921050eaa639137e13dbe7b4ab25800932a8498364fc1abec9", size = 2929050, upload-time = "2025-07-02T13:05:23.39Z" },
    { url = "https://files.pythonhosted.org/packages/1f/10/197da38a5911a48dd5389c043de4aec4b3c94cb836299b01253940788d78/cryptography-45.0.5-cp311-abi3-win_amd64.whl", hash = "sha256:b85980d1e345fe769cfc57c57db2b59cff5464ee0c045d52c0df087e926fbe63", size = 3403224, upload-time = "2025-07-02T13:05:25.202Z" },
    { url = "https://files.pythonhosted.org/packages/fe/2b/160ce8c2765e7a481ce57d55eba1546148583e7b6f85514472b1d151711d/cryptography-45.0.5-cp37-abi3-macosx_10_9_universal2.whl", hash = "sha256:f3562c2f23c612f2e4a6964a61d942f891d29ee320edb62ff48ffb99f3de9ae8", size = 7017143, upload-time = "2025-07-02T13:05:27.229Z" },
    { url = "https://files.pythonhosted.org/packages/c2/e7/2187be2f871c0221a81f55ee3105d3cf3e273c0a0853651d7011eada0d7e/cryptography-45.0.5-cp37-abi3-manylinux2014_aarch64.manylinux_2_17_aarch64.whl", hash = "sha256:3fcfbefc4a7f332dece7272a88e410f611e79458fab97b5efe14e54fe476f4fd", size = 4197780, upload-time = "2025-07-02T13:05:29.299Z" },
    { url = "https://files.pythonhosted.org/packages/b9/cf/84210c447c06104e6be9122661159ad4ce7a8190011669afceeaea150524/cryptography-45.0.5-cp37-abi3-manylinux2014_x86_64.manylinux_2_17_x86_64.whl", hash = "sha256:460f8c39ba66af7db0545a8c6f2eabcbc5a5528fc1cf6c3fa9a1e44cec33385e", size = 4420091, upload-time = "2025-07-02T13:05:31.221Z" },
    { url = "https://files.pythonhosted.org/packages/3e/6a/cb8b5c8bb82fafffa23aeff8d3a39822593cee6e2f16c5ca5c2ecca344f7/cryptography-45.0.5-cp37-abi3-manylinux_2_28_aarch64.whl", hash = "sha256:9b4cf6318915dccfe218e69bbec417fdd7c7185aa7aab139a2c0beb7468c89f0", size = 4198711, upload-time = "2025-07-02T13:05:33.062Z" },
    { url = "https://files.pythonhosted.org/packages/04/f7/36d2d69df69c94cbb2473871926daf0f01ad8e00fe3986ac3c1e8c4ca4b3/cryptography-45.0.5-cp37-abi3-manylinux_2_28_armv7l.manylinux_2_31_armv7l.whl", hash = "sha256:2089cc8f70a6e454601525e5bf2779e665d7865af002a5dec8d14e561002e135", size = 3883299, upload-time = "2025-07-02T13:05:34.94Z" },
    { url = "https://files.pythonhosted.org/packages/82/c7/f0ea40f016de72f81288e9fe8d1f6748036cb5ba6118774317a3ffc6022d/cryptography-45.0.5-cp37-abi3-manylinux_2_28_x86_64.whl", hash = "sha256:0027d566d65a38497bc37e0dd7c2f8ceda73597d2ac9ba93810204f56f52ebc7", size = 4450558, upload-time = "2025-07-02T13:05:37.288Z" },
    { url = "https://files.pythonhosted.org/packages/06/ae/94b504dc1a3cdf642d710407c62e86296f7da9e66f27ab12a1ee6fdf005b/cryptography-45.0.5-cp37-abi3-manylinux_2_34_aarch64.whl", hash = "sha256:be97d3a19c16a9be00edf79dca949c8fa7eff621763666a145f9f9535a5d7f42", size = 4198020, upload-time = "2025-07-02T13:05:39.102Z" },
    { url = "https://files.pythonhosted.org/packages/05/2b/aaf0adb845d5dabb43480f18f7ca72e94f92c280aa983ddbd0bcd6ecd037/cryptography-45.0.5-cp37-abi3-manylinux_2_34_x86_64.whl", hash = "sha256:7760c1c2e1a7084153a0f68fab76e754083b126a47d0117c9ed15e69e2103492", size = 4449759, upload-time = "2025-07-02T13:05:41.398Z" },
    { url = "https://files.pythonhosted.org/packages/91/e4/f17e02066de63e0100a3a01b56f8f1016973a1d67551beaf585157a86b3f/cryptography-45.0.5-cp37-abi3-musllinux_1_2_aarch64.whl", hash = "sha256:6ff8728d8d890b3dda5765276d1bc6fb099252915a2cd3aff960c4c195745dd0", size = 4319991, upload-time = "2025-07-02T13:05:43.64Z" },
    { url = "https://files.pythonhosted.org/packages/f2/2e/e2dbd629481b499b14516eed933f3276eb3239f7cee2dcfa4ee6b44d4711/cryptography-45.0.5-cp37-abi3-musllinux_1_2_x86_64.whl", hash = "sha256:7259038202a47fdecee7e62e0fd0b0738b6daa335354396c6ddebdbe1206af2a", size = 4554189, upload-time = "2025-07-02T13:05:46.045Z" },
    { url = "https://files.pythonhosted.org/packages/f8/ea/a78a0c38f4c8736287b71c2ea3799d173d5ce778c7d6e3c163a95a05ad2a/cryptography-45.0.5-cp37-abi3-win32.whl", hash = "sha256:1e1da5accc0c750056c556a93c3e9cb828970206c68867712ca5805e46dc806f", size = 2911769, upload-time = "2025-07-02T13:05:48.329Z" },
    { url = "https://files.pythonhosted.org/packages/79/b3/28ac139109d9005ad3f6b6f8976ffede6706a6478e21c889ce36c840918e/cryptography-45.0.5-cp37-abi3-win_amd64.whl", hash = "sha256:90cb0a7bb35959f37e23303b7eed0a32280510030daba3f7fdfbb65defde6a97", size = 3390016, upload-time = "2025-07-02T13:05:50.811Z" },
]

[[package]]
name = "fastapi"
version = "0.79.1"
source = { registry = "https://pypi.org/simple" }
dependencies = [
    { name = "pydantic" },
    { name = "starlette" },
]
sdist = { url = "https://files.pythonhosted.org/packages/48/eb/feec98de25762193702e909535fbf4a1b3cb63617e6ee2e72c95ae4789ba/fastapi-0.79.1.tar.gz", hash = "sha256:006862dec0f0f5683ac21fb0864af2ff12a931e7ba18920f28cc8eceed51896b", size = 9659714, upload-time = "2022-08-18T21:18:05.615Z" }
wheels = [
    { url = "https://files.pythonhosted.org/packages/29/95/31db8826daec0bfc9a4bb6ceac3ceeb7e8e6c6b81b6d204aaec788445c8c/fastapi-0.79.1-py3-none-any.whl", hash = "sha256:3c584179c64e265749e88221c860520fc512ea37e253282dab378cc503dfd7fd", size = 54712, upload-time = "2022-08-18T21:18:03.05Z" },
]

[[package]]
name = "fastapi-mqtt"
version = "1.2.0"
source = { registry = "https://pypi.org/simple" }
dependencies = [
    { name = "fastapi" },
    { name = "gmqtt" },
    { name = "pydantic" },
    { name = "uvicorn" },
]
sdist = { url = "https://files.pythonhosted.org/packages/81/f1/4fc06369e5ddfb63a025ebbf2bec609b6adabd268f3423387acc59d2ea8b/fastapi_mqtt-1.2.0.tar.gz", hash = "sha256:a59c99bd9ac02ed820ef851589f7cf300ce298ffa4d7e49f54f0283609054604", size = 8379, upload-time = "2023-09-24T09:55:33.293Z" }
wheels = [
    { url = "https://files.pythonhosted.org/packages/93/6c/2a9523196c61911d83817f3f5c3adcc371e8dad73834b1967754f6d401aa/fastapi_mqtt-1.2.0-py3-none-any.whl", hash = "sha256:f9de5669b903563fe9ef5b01e818346c78f0916f25dac6da20b6acac0ea6a372", size = 8582, upload-time = "2023-09-24T09:55:31.378Z" },
]

[[package]]
name = "gmqtt"
version = "0.6.16"
source = { registry = "https://pypi.org/simple" }
sdist = { url = "https://files.pythonhosted.org/packages/aa/b2/8beaf329ad822409a89cef9beced927dbe9b9aa8887d9859ac5e3d2d4c19/gmqtt-0.6.16.tar.gz", hash = "sha256:ddd1fdc1c6ae604e74377cf70e99f067e579c03c1c71a6acd494e199e93b7fa4", size = 27336, upload-time = "2024-05-02T12:11:02.863Z" }
wheels = [
    { url = "https://files.pythonhosted.org/packages/df/cf/fa764c2f21097b6baee5a70400cea8e0b1adf6e9502e0b4f2d09a8694895/gmqtt-0.6.16-py3-none-any.whl", hash = "sha256:577f9170a88c98c0b16e9ca5cc895d5a3ee82615ace628757454500e565bd12f", size = 30704, upload-time = "2024-05-02T12:10:59.829Z" },
]

[[package]]
name = "h11"
version = "0.14.0"
source = { registry = "https://pypi.org/simple" }
sdist = { url = "https://files.pythonhosted.org/packages/f5/38/3af3d3633a34a3316095b39c8e8fb4853a28a536e55d347bd8d8e9a14b03/h11-0.14.0.tar.gz", hash = "sha256:8f19fbbe99e72420ff35c00b27a34cb9937e902a8b810e2c88300c6f0a3b699d", size = 100418, upload-time = "2022-09-25T15:40:01.519Z" }
wheels = [
    { url = "https://files.pythonhosted.org/packages/95/04/ff642e65ad6b90db43e668d70ffb6736436c7ce41fcc549f4e9472234127/h11-0.14.0-py3-none-any.whl", hash = "sha256:e3fe4ac4b851c468cc8363d500db52c2ead036020723024a109d37346efaa761", size = 58259, upload-time = "2022-09-25T15:39:59.68Z" },
]

[[package]]
name = "httpcore"
version = "0.16.3"
source = { registry = "https://pypi.org/simple" }
dependencies = [
    { name = "anyio" },
    { name = "certifi" },
    { name = "h11" },
    { name = "sniffio" },
]
sdist = { url = "https://files.pythonhosted.org/packages/61/42/5c456b02816845d163fab0f32936b6a5b649f3f915beff6f819f4f6c90b2/httpcore-0.16.3.tar.gz", hash = "sha256:c5d6f04e2fc530f39e0c077e6a30caa53f1451096120f1f38b954afd0b17c0cb", size = 54929, upload-time = "2022-12-20T12:13:57.041Z" }
wheels = [
    { url = "https://files.pythonhosted.org/packages/04/7e/ef97af4623024e8159993b3114ce208de4f677098ae058ec5882a1bf7605/httpcore-0.16.3-py3-none-any.whl", hash = "sha256:da1fb708784a938aa084bde4feb8317056c55037247c787bd7e19eb2c2949dc0", size = 69561, upload-time = "2022-12-20T12:13:55.471Z" },
]

[[package]]
name = "httpx"
version = "0.23.3"
source = { registry = "https://pypi.org/simple" }
dependencies = [
    { name = "certifi" },
    { name = "httpcore" },
    { name = "rfc3986", extra = ["idna2008"] },
    { name = "sniffio" },
]
sdist = { url = "https://files.pythonhosted.org/packages/f5/50/04d5e8ee398a10c767a341a25f59ff8711ae3adf0143c7f8b45fc560d72d/httpx-0.23.3.tar.gz", hash = "sha256:9818458eb565bb54898ccb9b8b251a28785dd4a55afbc23d0eb410754fe7d0f9", size = 77527, upload-time = "2023-01-04T09:41:21.226Z" }
wheels = [
    { url = "https://files.pythonhosted.org/packages/ac/a2/0260c0f5d73bdf06e8d3fc1013a82b9f0633dc21750c9e3f3cb1dba7bb8c/httpx-0.23.3-py3-none-any.whl", hash = "sha256:a211fcce9b1254ea24f0cd6af9869b3d29aba40154e947d2a07bb499b3e310d6", size = 71472, upload-time = "2023-01-04T09:41:19.714Z" },
]

[[package]]
name = "idna"
version = "3.10"
source = { registry = "https://pypi.org/simple" }
sdist = { url = "https://files.pythonhosted.org/packages/f1/70/7703c29685631f5a7590aa73f1f1d3fa9a380e654b86af429e0934a32f7d/idna-3.10.tar.gz", hash = "sha256:12f65c9b470abda6dc35cf8e63cc574b1c52b11df2c86030af0ac09b01b13ea9", size = 190490, upload-time = "2024-09-15T18:07:39.745Z" }
wheels = [
    { url = "https://files.pythonhosted.org/packages/76/c6/c88e154df9c4e1a2a66ccf0005a88dfb2650c1dffb6f5ce603dfbd452ce3/idna-3.10-py3-none-any.whl", hash = "sha256:946d195a0d259cbba61165e88e65941f16e9b36ea6ddb97f00452bae8b1287d3", size = 70442, upload-time = "2024-09-15T18:07:37.964Z" },
]

[[package]]
name = "isort"
version = "5.13.2"
source = { registry = "https://pypi.org/simple" }
sdist = { url = "https://files.pythonhosted.org/packages/87/f9/c1eb8635a24e87ade2efce21e3ce8cd6b8630bb685ddc9cdaca1349b2eb5/isort-5.13.2.tar.gz", hash = "sha256:48fdfcb9face5d58a4f6dde2e72a1fb8dcaf8ab26f95ab49fab84c2ddefb0109", size = 175303, upload-time = "2023-12-13T20:37:26.124Z" }
wheels = [
    { url = "https://files.pythonhosted.org/packages/d1/b3/8def84f539e7d2289a02f0524b944b15d7c75dab7628bedf1c4f0992029c/isort-5.13.2-py3-none-any.whl", hash = "sha256:8ca5e72a8d85860d5a3fa69b8745237f2939afe12dbf656afbcb47fe72d947a6", size = 92310, upload-time = "2023-12-13T20:37:23.244Z" },
]

[[package]]
name = "itsdangerous"
version = "2.2.0"
source = { registry = "https://pypi.org/simple" }
sdist = { url = "https://files.pythonhosted.org/packages/9c/cb/8ac0172223afbccb63986cc25049b154ecfb5e85932587206f42317be31d/itsdangerous-2.2.0.tar.gz", hash = "sha256:e0050c0b7da1eea53ffaf149c0cfbb5c6e2e2b69c4bef22c81fa6eb73e5f6173", size = 54410, upload-time = "2024-04-16T21:28:15.614Z" }
wheels = [
    { url = "https://files.pythonhosted.org/packages/04/96/92447566d16df59b2a776c0fb82dbc4d9e07cd95062562af01e408583fc4/itsdangerous-2.2.0-py3-none-any.whl", hash = "sha256:c6242fc49e35958c8b15141343aa660db5fc54d4f13a1db01a3f5891b98700ef", size = 16234, upload-time = "2024-04-16T21:28:14.499Z" },
]

[[package]]
name = "mypy-extensions"
version = "1.1.0"
source = { registry = "https://pypi.org/simple" }
sdist = { url = "https://files.pythonhosted.org/packages/a2/6e/371856a3fb9d31ca8dac321cda606860fa4548858c0cc45d9d1d4ca2628b/mypy_extensions-1.1.0.tar.gz", hash = "sha256:52e68efc3284861e772bbcd66823fde5ae21fd2fdb51c62a211403730b916558", size = 6343, upload-time = "2025-04-22T14:54:24.164Z" }
wheels = [
    { url = "https://files.pythonhosted.org/packages/79/7b/2c79738432f5c924bef5071f933bcc9efd0473bac3b4aa584a6f7c1c8df8/mypy_extensions-1.1.0-py3-none-any.whl", hash = "sha256:1be4cccdb0f2482337c4743e60421de3a356cd97508abadd57d47403e94f5505", size = 4963, upload-time = "2025-04-22T14:54:22.983Z" },
]

[[package]]
name = "orjson"
version = "3.10.18"
source = { registry = "https://pypi.org/simple" }
sdist = { url = "https://files.pythonhosted.org/packages/81/0b/fea456a3ffe74e70ba30e01ec183a9b26bec4d497f61dcfce1b601059c60/orjson-3.10.18.tar.gz", hash = "sha256:e8da3947d92123eda795b68228cafe2724815621fe35e8e320a9e9593a4bcd53", size = 5422810, upload-time = "2025-04-29T23:30:08.423Z" }
wheels = [
    { url = "https://files.pythonhosted.org/packages/04/f0/8aedb6574b68096f3be8f74c0b56d36fd94bcf47e6c7ed47a7bd1474aaa8/orjson-3.10.18-cp313-cp313-macosx_10_15_x86_64.macosx_11_0_arm64.macosx_10_15_universal2.whl", hash = "sha256:69c34b9441b863175cc6a01f2935de994025e773f814412030f269da4f7be147", size = 249087, upload-time = "2025-04-29T23:29:19.083Z" },
    { url = "https://files.pythonhosted.org/packages/bc/f7/7118f965541aeac6844fcb18d6988e111ac0d349c9b80cda53583e758908/orjson-3.10.18-cp313-cp313-macosx_15_0_arm64.whl", hash = "sha256:1ebeda919725f9dbdb269f59bc94f861afbe2a27dce5608cdba2d92772364d1c", size = 133273, upload-time = "2025-04-29T23:29:20.602Z" },
    { url = "https://files.pythonhosted.org/packages/fb/d9/839637cc06eaf528dd8127b36004247bf56e064501f68df9ee6fd56a88ee/orjson-3.10.18-cp313-cp313-manylinux_2_17_aarch64.manylinux2014_aarch64.whl", hash = "sha256:5adf5f4eed520a4959d29ea80192fa626ab9a20b2ea13f8f6dc58644f6927103", size = 136779, upload-time = "2025-04-29T23:29:22.062Z" },
    { url = "https://files.pythonhosted.org/packages/2b/6d/f226ecfef31a1f0e7d6bf9a31a0bbaf384c7cbe3fce49cc9c2acc51f902a/orjson-3.10.18-cp313-cp313-manylinux_2_17_armv7l.manylinux2014_armv7l.whl", hash = "sha256:7592bb48a214e18cd670974f289520f12b7aed1fa0b2e2616b8ed9e069e08595", size = 132811, upload-time = "2025-04-29T23:29:23.602Z" },
    { url = "https://files.pythonhosted.org/packages/73/2d/371513d04143c85b681cf8f3bce743656eb5b640cb1f461dad750ac4b4d4/orjson-3.10.18-cp313-cp313-manylinux_2_17_i686.manylinux2014_i686.whl", hash = "sha256:f872bef9f042734110642b7a11937440797ace8c87527de25e0c53558b579ccc", size = 137018, upload-time = "2025-04-29T23:29:25.094Z" },
    { url = "https://files.pythonhosted.org/packages/69/cb/a4d37a30507b7a59bdc484e4a3253c8141bf756d4e13fcc1da760a0b00cb/orjson-3.10.18-cp313-cp313-manylinux_2_17_ppc64le.manylinux2014_ppc64le.whl", hash = "sha256:0315317601149c244cb3ecef246ef5861a64824ccbcb8018d32c66a60a84ffbc", size = 138368, upload-time = "2025-04-29T23:29:26.609Z" },
    { url = "https://files.pythonhosted.org/packages/1e/ae/cd10883c48d912d216d541eb3db8b2433415fde67f620afe6f311f5cd2ca/orjson-3.10.18-cp313-cp313-manylinux_2_17_s390x.manylinux2014_s390x.whl", hash = "sha256:e0da26957e77e9e55a6c2ce2e7182a36a6f6b180ab7189315cb0995ec362e049", size = 142840, upload-time = "2025-04-29T23:29:28.153Z" },
    { url = "https://files.pythonhosted.org/packages/6d/4c/2bda09855c6b5f2c055034c9eda1529967b042ff8d81a05005115c4e6772/orjson-3.10.18-cp313-cp313-manylinux_2_17_x86_64.manylinux2014_x86_64.whl", hash = "sha256:bb70d489bc79b7519e5803e2cc4c72343c9dc1154258adf2f8925d0b60da7c58", size = 133135, upload-time = "2025-04-29T23:29:29.726Z" },
    { url = "https://files.pythonhosted.org/packages/13/4a/35971fd809a8896731930a80dfff0b8ff48eeb5d8b57bb4d0d525160017f/orjson-3.10.18-cp313-cp313-musllinux_1_2_aarch64.whl", hash = "sha256:e9e86a6af31b92299b00736c89caf63816f70a4001e750bda179e15564d7a034", size = 134810, upload-time = "2025-04-29T23:29:31.269Z" },
    { url = "https://files.pythonhosted.org/packages/99/70/0fa9e6310cda98365629182486ff37a1c6578e34c33992df271a476ea1cd/orjson-3.10.18-cp313-cp313-musllinux_1_2_armv7l.whl", hash = "sha256:c382a5c0b5931a5fc5405053d36c1ce3fd561694738626c77ae0b1dfc0242ca1", size = 413491, upload-time = "2025-04-29T23:29:33.315Z" },
    { url = "https://files.pythonhosted.org/packages/32/cb/990a0e88498babddb74fb97855ae4fbd22a82960e9b06eab5775cac435da/orjson-3.10.18-cp313-cp313-musllinux_1_2_i686.whl", hash = "sha256:8e4b2ae732431127171b875cb2668f883e1234711d3c147ffd69fe5be51a8012", size = 153277, upload-time = "2025-04-29T23:29:34.946Z" },
    { url = "https://files.pythonhosted.org/packages/92/44/473248c3305bf782a384ed50dd8bc2d3cde1543d107138fd99b707480ca1/orjson-3.10.18-cp313-cp313-musllinux_1_2_x86_64.whl", hash = "sha256:2d808e34ddb24fc29a4d4041dcfafbae13e129c93509b847b14432717d94b44f", size = 137367, upload-time = "2025-04-29T23:29:36.52Z" },
    { url = "https://files.pythonhosted.org/packages/ad/fd/7f1d3edd4ffcd944a6a40e9f88af2197b619c931ac4d3cfba4798d4d3815/orjson-3.10.18-cp313-cp313-win32.whl", hash = "sha256:ad8eacbb5d904d5591f27dee4031e2c1db43d559edb8f91778efd642d70e6bea", size = 142687, upload-time = "2025-04-29T23:29:38.292Z" },
    { url = "https://files.pythonhosted.org/packages/4b/03/c75c6ad46be41c16f4cfe0352a2d1450546f3c09ad2c9d341110cd87b025/orjson-3.10.18-cp313-cp313-win_amd64.whl", hash = "sha256:aed411bcb68bf62e85588f2a7e03a6082cc42e5a2796e06e72a962d7c6310b52", size = 134794, upload-time = "2025-04-29T23:29:40.349Z" },
    { url = "https://files.pythonhosted.org/packages/c2/28/f53038a5a72cc4fd0b56c1eafb4ef64aec9685460d5ac34de98ca78b6e29/orjson-3.10.18-cp313-cp313-win_arm64.whl", hash = "sha256:f54c1385a0e6aba2f15a40d703b858bedad36ded0491e55d35d905b2c34a4cc3", size = 131186, upload-time = "2025-04-29T23:29:41.922Z" },
]

[[package]]
name = "pathspec"
version = "0.12.1"
source = { registry = "https://pypi.org/simple" }
sdist = { url = "https://files.pythonhosted.org/packages/ca/bc/f35b8446f4531a7cb215605d100cd88b7ac6f44ab3fc94870c120ab3adbf/pathspec-0.12.1.tar.gz", hash = "sha256:a482d51503a1ab33b1c67a6c3813a26953dbdc71c31dacaef9a838c4e29f5712", size = 51043, upload-time = "2023-12-10T22:30:45Z" }
wheels = [
    { url = "https://files.pythonhosted.org/packages/cc/20/ff623b09d963f88bfde16306a54e12ee5ea43e9b597108672ff3a408aad6/pathspec-0.12.1-py3-none-any.whl", hash = "sha256:a0d503e138a4c123b27490a4f7beda6a01c6f288df0e4a8b79c7eb0dc7b4cc08", size = 31191, upload-time = "2023-12-10T22:30:43.14Z" },
]

[[package]]
name = "platformdirs"
version = "4.3.8"
source = { registry = "https://pypi.org/simple" }
sdist = { url = "https://files.pythonhosted.org/packages/fe/8b/3c73abc9c759ecd3f1f7ceff6685840859e8070c4d947c93fae71f6a0bf2/platformdirs-4.3.8.tar.gz", hash = "sha256:3d512d96e16bcb959a814c9f348431070822a6496326a4be0911c40b5a74c2bc", size = 21362, upload-time = "2025-05-07T22:47:42.121Z" }
wheels = [
    { url = "https://files.pythonhosted.org/packages/fe/39/979e8e21520d4e47a0bbe349e2713c0aac6f3d853d0e5b34d76206c439aa/platformdirs-4.3.8-py3-none-any.whl", hash = "sha256:ff7059bb7eb1179e2685604f4aaf157cfd9535242bd23742eadc3c13542139b4", size = 18567, upload-time = "2025-05-07T22:47:40.376Z" },
]

[[package]]
name = "pycparser"
version = "2.22"
source = { registry = "https://pypi.org/simple" }
sdist = { url = "https://files.pythonhosted.org/packages/1d/b2/31537cf4b1ca988837256c910a668b553fceb8f069bedc4b1c826024b52c/pycparser-2.22.tar.gz", hash = "sha256:491c8be9c040f5390f5bf44a5b07752bd07f56edf992381b05c701439eec10f6", size = 172736, upload-time = "2024-03-30T13:22:22.564Z" }
wheels = [
    { url = "https://files.pythonhosted.org/packages/13/a3/a812df4e2dd5696d1f351d58b8fe16a405b234ad2886a0dab9183fb78109/pycparser-2.22-py3-none-any.whl", hash = "sha256:c3702b6d3dd8c7abc1afa565d7e63d53a1d0bd86cdc24edd75470f4de499cfcc", size = 117552, upload-time = "2024-03-30T13:22:20.476Z" },
]

[[package]]
name = "pydantic"
version = "1.10.22"
source = { registry = "https://pypi.org/simple" }
dependencies = [
    { name = "typing-extensions" },
]
sdist = { url = "https://files.pythonhosted.org/packages/9a/57/5996c63f0deec09e9e901a2b838247c97c6844999562eac4e435bcb83938/pydantic-1.10.22.tar.gz", hash = "sha256:ee1006cebd43a8e7158fb7190bb8f4e2da9649719bff65d0c287282ec38dec6d", size = 356771, upload-time = "2025-04-24T13:38:43.605Z" }
wheels = [
    { url = "https://files.pythonhosted.org/packages/47/8f/67befe3607b342dd6eb80237134ebcc6e8db42138609306eaf2b30e1f273/pydantic-1.10.22-cp313-cp313-macosx_10_13_x86_64.whl", hash = "sha256:b259dc89c9abcd24bf42f31951fb46c62e904ccf4316393f317abeeecda39978", size = 2797042, upload-time = "2025-04-24T13:37:38.753Z" },
    { url = "https://files.pythonhosted.org/packages/aa/91/bfde7d301f8e1c4cff949b3f1eb2c9b27bdd4b2368da0fe88e7350bbe4bc/pydantic-1.10.22-cp313-cp313-macosx_11_0_arm64.whl", hash = "sha256:9238aa0964d80c0908d2f385e981add58faead4412ca80ef0fa352094c24e46d", size = 2538572, upload-time = "2025-04-24T13:37:41.653Z" },
    { url = "https://files.pythonhosted.org/packages/d7/ce/1b0097ece420354df77d2f01c72278fb43770c8ed732d6b7a303c0c70875/pydantic-1.10.22-cp313-cp313-manylinux_2_17_x86_64.manylinux2014_x86_64.whl", hash = "sha256:6f8029f05b04080e3f1a550575a1bca747c0ea4be48e2d551473d47fd768fc1b", size = 2986271, upload-time = "2025-04-24T13:37:43.551Z" },
    { url = "https://files.pythonhosted.org/packages/eb/4c/e257edfd5a0025a428aee7a2835e21b51c76a6b1c8994bcccb14d5721eea/pydantic-1.10.22-cp313-cp313-manylinux_2_5_i686.manylinux1_i686.manylinux_2_17_i686.manylinux2014_i686.whl", hash = "sha256:5c06918894f119e0431a36c9393bc7cceeb34d1feeb66670ef9b9ca48c073937", size = 3015617, upload-time = "2025-04-24T13:37:45.466Z" },
    { url = "https://files.pythonhosted.org/packages/00/17/ecf46ff31fd62d382424a07ed60540d4479094204bebeebb6dea597e88c3/pydantic-1.10.22-cp313-cp313-musllinux_1_2_i686.whl", hash = "sha256:e205311649622ee8fc1ec9089bd2076823797f5cd2c1e3182dc0e12aab835b35", size = 3164222, upload-time = "2025-04-24T13:37:47.35Z" },
    { url = "https://files.pythonhosted.org/packages/1a/47/2d55ec452c9a87347234bbbc70df268e1f081154b1851f0db89638558a1c/pydantic-1.10.22-cp313-cp313-musllinux_1_2_x86_64.whl", hash = "sha256:815f0a73d5688d6dd0796a7edb9eca7071bfef961a7b33f91e618822ae7345b7", size = 3117572, upload-time = "2025-04-24T13:37:49.339Z" },
    { url = "https://files.pythonhosted.org/packages/03/2f/30359a36245b029bec7e442dd780fc242c66e66ad7dd5b50af2dcfd41ff3/pydantic-1.10.22-cp313-cp313-win_amd64.whl", hash = "sha256:9dfce71d42a5cde10e78a469e3d986f656afc245ab1b97c7106036f088dd91f8", size = 2174666, upload-time = "2025-04-24T13:37:51.114Z" },
    { url = "https://files.pythonhosted.org/packages/e9/e0/1ed151a56869be1588ad2d8cda9f8c1d95b16f74f09a7cea879ca9b63a8b/pydantic-1.10.22-py3-none-any.whl", hash = "sha256:343037d608bcbd34df937ac259708bfc83664dadf88afe8516c4f282d7d471a9", size = 166503, upload-time = "2025-04-24T13:38:41.374Z" },
]

[[package]]
name = "quantile-python"
version = "1.1"
source = { registry = "https://pypi.org/simple" }
sdist = { url = "https://files.pythonhosted.org/packages/08/16/fae6223773ceae17db7b3ce81479df01ffb30faebbbe63b55fe922c618c0/quantile-python-1.1.tar.gz", hash = "sha256:558629e88c497ef3b9b1081349c1ae6a61b53590e317724298ff54c674db7969", size = 2887, upload-time = "2015-02-11T20:21:24.489Z" }

[[package]]
name = "rfc3986"
version = "1.5.0"
source = { registry = "https://pypi.org/simple" }
sdist = { url = "https://files.pythonhosted.org/packages/79/30/5b1b6c28c105629cc12b33bdcbb0b11b5bb1880c6cfbd955f9e792921aa8/rfc3986-1.5.0.tar.gz", hash = "sha256:270aaf10d87d0d4e095063c65bf3ddbc6ee3d0b226328ce21e036f946e421835", size = 49378, upload-time = "2021-05-07T23:29:27.183Z" }
wheels = [
    { url = "https://files.pythonhosted.org/packages/c4/e5/63ca2c4edf4e00657584608bee1001302bbf8c5f569340b78304f2f446cb/rfc3986-1.5.0-py2.py3-none-any.whl", hash = "sha256:a86d6e1f5b1dc238b218b012df0aa79409667bb209e58da56d0b94704e712a97", size = 31976, upload-time = "2021-05-07T23:29:25.611Z" },
]

[package.optional-dependencies]
idna2008 = [
    { name = "idna" },
]

[[package]]
name = "sniffio"
version = "1.3.1"
source = { registry = "https://pypi.org/simple" }
sdist = { url = "https://files.pythonhosted.org/packages/a2/87/a6771e1546d97e7e041b6ae58d80074f81b7d5121207425c964ddf5cfdbd/sniffio-1.3.1.tar.gz", hash = "sha256:f4324edc670a0f49750a81b895f35c3adb843cca46f0530f79fc1babb23789dc", size = 20372, upload-time = "2024-02-25T23:20:04.057Z" }
wheels = [
    { url = "https://files.pythonhosted.org/packages/e9/44/75a9c9421471a6c4805dbf2356f7c181a29c1879239abab1ea2cc8f38b40/sniffio-1.3.1-py3-none-any.whl", hash = "sha256:2f6da418d1f1e0fddd844478f41680e794e6051915791a034ff65e5f100525a2", size = 10235, upload-time = "2024-02-25T23:20:01.196Z" },
]

[[package]]
name = "starlette"
version = "0.19.1"
source = { registry = "https://pypi.org/simple" }
dependencies = [
    { name = "anyio" },
]
sdist = { url = "https://files.pythonhosted.org/packages/2b/18/405f4fb59119b8efa203c10a04a32a927976b5450cf649c8b4c9d079d21e/starlette-0.19.1.tar.gz", hash = "sha256:c6d21096774ecb9639acad41b86b7706e52ba3bf1dc13ea4ed9ad593d47e24c7", size = 51862, upload-time = "2022-04-22T05:28:00.095Z" }
wheels = [
    { url = "https://files.pythonhosted.org/packages/f1/9d/1fa96008b302dd3e398f89f3fc5afb19fb0b0f341fefa05c65b3a38d64cf/starlette-0.19.1-py3-none-any.whl", hash = "sha256:5a60c5c2d051f3a8eb546136aa0c9399773a689595e099e0877704d5888279bf", size = 63331, upload-time = "2022-04-22T05:27:58.423Z" },
]

[[package]]
name = "turbacz"
version = "0.2.0"
source = { editable = "." }
dependencies = [
    { name = "aioconsole" },
    { name = "aioprometheus" },
    { name = "authlib" },
    { name = "fastapi" },
    { name = "fastapi-mqtt" },
    { name = "httpx" },
    { name = "itsdangerous" },
    { name = "uvicorn" },
    { name = "wsproto" },
]

[package.dev-dependencies]
dev = [
    { name = "black" },
    { name = "isort" },
]

[package.metadata]
requires-dist = [
    { name = "aioconsole", specifier = ">=0.5.1,<0.6" },
    { name = "aioprometheus", specifier = ">=22.5.0,<23" },
    { name = "authlib", specifier = ">=1.1.0,<2" },
    { name = "fastapi", specifier = ">=0.79.0,<0.80" },
    { name = "fastapi-mqtt", specifier = ">=1.0.5,<2" },
    { name = "httpx", specifier = ">=0.23.0,<0.24" },
    { name = "itsdangerous", specifier = ">=2.1.2,<3" },
    { name = "uvicorn", specifier = "<2.0.0" },
    { name = "wsproto", specifier = ">=1.2.0,<2" },
]

[package.metadata.requires-dev]
dev = [
    { name = "black", specifier = ">=22.6.0,<23" },
    { name = "isort", specifier = ">=5.10.1,<6" },
]

[[package]]
name = "typing-extensions"
version = "4.14.1"
source = { registry = "https://pypi.org/simple" }
sdist = { url = "https://files.pythonhosted.org/packages/98/5a/da40306b885cc8c09109dc2e1abd358d5684b1425678151cdaed4731c822/typing_extensions-4.14.1.tar.gz", hash = "sha256:38b39f4aeeab64884ce9f74c94263ef78f3c22467c8724005483154c26648d36", size = 107673, upload-time = "2025-07-04T13:28:34.16Z" }
wheels = [
    { url = "https://files.pythonhosted.org/packages/b5/00/d631e67a838026495268c2f6884f3711a15a9a2a96cd244fdaea53b823fb/typing_extensions-4.14.1-py3-none-any.whl", hash = "sha256:d1e1e3b58374dc93031d6eda2420a48ea44a36c2b4766a4fdeb3710755731d76", size = 43906, upload-time = "2025-07-04T13:28:32.743Z" },
]

[[package]]
name = "uvicorn"
version = "0.35.0"
source = { registry = "https://pypi.org/simple" }
dependencies = [
    { name = "click" },
    { name = "h11" },
]
sdist = { url = "https://files.pythonhosted.org/packages/5e/42/e0e305207bb88c6b8d3061399c6a961ffe5fbb7e2aa63c9234df7259e9cd/uvicorn-0.35.0.tar.gz", hash = "sha256:bc662f087f7cf2ce11a1d7fd70b90c9f98ef2e2831556dd078d131b96cc94a01", size = 78473, upload-time = "2025-06-28T16:15:46.058Z" }
wheels = [
    { url = "https://files.pythonhosted.org/packages/d2/e2/dc81b1bd1dcfe91735810265e9d26bc8ec5da45b4c0f6237e286819194c3/uvicorn-0.35.0-py3-none-any.whl", hash = "sha256:197535216b25ff9b785e29a0b79199f55222193d47f820816e7da751e9bc8d4a", size = 66406, upload-time = "2025-06-28T16:15:44.816Z" },
]

[[package]]
name = "wsproto"
version = "1.2.0"
source = { registry = "https://pypi.org/simple" }
dependencies = [
    { name = "h11" },
]
sdist = { url = "https://files.pythonhosted.org/packages/c9/4a/44d3c295350d776427904d73c189e10aeae66d7f555bb2feee16d1e4ba5a/wsproto-1.2.0.tar.gz", hash = "sha256:ad565f26ecb92588a3e43bc3d96164de84cd9902482b130d0ddbaa9664a85065", size = 53425, upload-time = "2022-08-23T19:58:21.447Z" }
wheels = [
    { url = "https://files.pythonhosted.org/packages/78/58/e860788190eba3bcce367f74d29c4675466ce8dddfba85f7827588416f01/wsproto-1.2.0-py3-none-any.whl", hash = "sha256:b9acddd652b585d75b20477888c56642fdade28bdfd3579aa24a4d2c037dd736", size = 24226, upload-time = "2022-08-23T19:58:19.96Z" },
]
